
Microsoft Visual Studio Solution File, Format Version 12.00
# Visual Studio Version 17
VisualStudioVersion = 17.12.35707.178 d17.12
MinimumVisualStudioVersion = 10.0.40219.1
Project("{FAE04EC0-301F-11D3-BF4B-00C04F79EFBC}") = "BulkyBookWeb", "BulkyBookWeb\BulkyBookWeb.csproj", "{DB33E419-FE03-4A2B-80C9-4637D2558851}"
EndProject
Project("{FAE04EC0-301F-11D3-BF4B-00C04F79EFBC}") = "BulkyBook.AppHost", "BulkyBook.AppHost\BulkyBook.AppHost.csproj", "{ED0B5576-572B-4365-A01B-6C8BC0AFFB22}"
EndProject
Project("{FAE04EC0-301F-11D3-BF4B-00C04F79EFBC}") = "BulkyBook.ServiceDefaults", "BulkyBook.ServiceDefaults\BulkyBook.ServiceDefaults.csproj", "{1AA25571-2C35-4437-BD58-BFF34C06AA8C}"
EndProject
Global
	GlobalSection(SolutionConfigurationPlatforms) = preSolution
		Debug|Any CPU = Debug|Any CPU
		Release|Any CPU = Release|Any CPU
	EndGlobalSection
	GlobalSection(ProjectConfigurationPlatforms) = postSolution
		{DB33E419-FE03-4A2B-80C9-4637D2558851}.Debug|Any CPU.ActiveCfg = Debug|Any CPU
		{DB33E419-FE03-4A2B-80C9-4637D2558851}.Debug|Any CPU.Build.0 = Debug|Any CPU
		{DB33E419-FE03-4A2B-80C9-4637D2558851}.Release|Any CPU.ActiveCfg = Release|Any CPU
		{DB33E419-FE03-4A2B-80C9-4637D2558851}.Release|Any CPU.Build.0 = Release|Any CPU
		{ED0B5576-572B-4365-A01B-6C8BC0AFFB22}.Debug|Any CPU.ActiveCfg = Debug|Any CPU
		{ED0B5576-572B-4365-A01B-6C8BC0AFFB22}.Debug|Any CPU.Build.0 = Debug|Any CPU
		{ED0B5576-572B-4365-A01B-6C8BC0AFFB22}.Release|Any CPU.ActiveCfg = Release|Any CPU
		{ED0B5576-572B-4365-A01B-6C8BC0AFFB22}.Release|Any CPU.Build.0 = Release|Any CPU
		{1AA25571-2C35-4437-BD58-BFF34C06AA8C}.Debug|Any CPU.ActiveCfg = Debug|Any CPU
		{1AA25571-2C35-4437-BD58-BFF34C06AA8C}.Debug|Any CPU.Build.0 = Debug|Any CPU
		{1AA25571-2C35-4437-BD58-BFF34C06AA8C}.Release|Any CPU.ActiveCfg = Release|Any CPU
		{1AA25571-2C35-4437-BD58-BFF34C06AA8C}.Release|Any CPU.Build.0 = Release|Any CPU
	EndGlobalSection
	GlobalSection(SolutionProperties) = preSolution
		HideSolutionNode = FALSE
	EndGlobalSection
EndGlobal
